
Microsoft Visual Studio Solution File, Format Version 12.00
# Visual Studio Version 16
VisualStudioVersion = 16.0.29306.81
MinimumVisualStudioVersion = 10.0.40219.1
Project("{FAE04EC0-301F-11D3-BF4B-00C04F79EFBC}") = "Amigos", "Amigos\Amigos.csproj", "{038381E8-1DBD-4677-860B-DC90EB1A0A41}"
EndProject
Project("{FAE04EC0-301F-11D3-BF4B-00C04F79EFBC}") = "CadPessoas", "CadPessoas\CadPessoas.csproj", "{E16AE45D-E00A-4B3E-A2E3-067E8AD710A5}"
EndProject
Global
	GlobalSection(SolutionConfigurationPlatforms) = preSolution
		Debug|Any CPU = Debug|Any CPU
		Release|Any CPU = Release|Any CPU
	EndGlobalSection
	GlobalSection(ProjectConfigurationPlatforms) = postSolution
		{038381E8-1DBD-4677-860B-DC90EB1A0A41}.Debug|Any CPU.ActiveCfg = Debug|Any CPU
		{038381E8-1DBD-4677-860B-DC90EB1A0A41}.Debug|Any CPU.Build.0 = Debug|Any CPU
		{038381E8-1DBD-4677-860B-DC90EB1A0A41}.Release|Any CPU.ActiveCfg = Release|Any CPU
		{038381E8-1DBD-4677-860B-DC90EB1A0A41}.Release|Any CPU.Build.0 = Release|Any CPU
		{E16AE45D-E00A-4B3E-A2E3-067E8AD710A5}.Debug|Any CPU.ActiveCfg = Debug|Any CPU
		{E16AE45D-E00A-4B3E-A2E3-067E8AD710A5}.Debug|Any CPU.Build.0 = Debug|Any CPU
		{E16AE45D-E00A-4B3E-A2E3-067E8AD710A5}.Release|Any CPU.ActiveCfg = Release|Any CPU
		{E16AE45D-E00A-4B3E-A2E3-067E8AD710A5}.Release|Any CPU.Build.0 = Release|Any CPU
	EndGlobalSection
	GlobalSection(SolutionProperties) = preSolution
		HideSolutionNode = FALSE
	EndGlobalSection
	GlobalSection(ExtensibilityGlobals) = postSolution
		SolutionGuid = {CABACEFF-28D1-482E-A1AD-6EE070CB3096}
	EndGlobalSection
EndGlobal
