
Microsoft Visual Studio Solution File, Format Version 12.00
# Visual Studio Version 16
VisualStudioVersion = 16.0.29230.47
MinimumVisualStudioVersion = 10.0.40219.1
Project("{FAE04EC0-301F-11D3-BF4B-00C04F79EFBC}") = "ConsoleApp", "ConsoleApp\ConsoleApp.csproj", "{24B69842-6FD2-4EA8-AD3A-6153088D1331}"
EndProject
Global
	GlobalSection(SolutionConfigurationPlatforms) = preSolution
		Debug|Any CPU = Debug|Any CPU
		Release|Any CPU = Release|Any CPU
	EndGlobalSection
	GlobalSection(ProjectConfigurationPlatforms) = postSolution
		{24B69842-6FD2-4EA8-AD3A-6153088D1331}.Debug|Any CPU.ActiveCfg = Debug|Any CPU
		{24B69842-6FD2-4EA8-AD3A-6153088D1331}.Debug|Any CPU.Build.0 = Debug|Any CPU
		{24B69842-6FD2-4EA8-AD3A-6153088D1331}.Release|Any CPU.ActiveCfg = Release|Any CPU
		{24B69842-6FD2-4EA8-AD3A-6153088D1331}.Release|Any CPU.Build.0 = Release|Any CPU
	EndGlobalSection
	GlobalSection(SolutionProperties) = preSolution
		HideSolutionNode = FALSE
	EndGlobalSection
	GlobalSection(ExtensibilityGlobals) = postSolution
		SolutionGuid = {CBA0B541-261F-4EFE-ACA1-830C5EB8B026}
	EndGlobalSection
EndGlobal
