
Microsoft Visual Studio Solution File, Format Version 12.00
# Visual Studio Version 16
VisualStudioVersion = 16.0.29306.81
MinimumVisualStudioVersion = 10.0.40219.1
Project("{FAE04EC0-301F-11D3-BF4B-00C04F79EFBC}") = "AlunosClass", "AlunosClass\AlunosClass.csproj", "{B4162779-AC46-4FC9-A537-C71FC509AF33}"
EndProject
Project("{FAE04EC0-301F-11D3-BF4B-00C04F79EFBC}") = "AcessandoAlunos", "AcessandoAlunos\AcessandoAlunos.csproj", "{2C8EE295-AAC0-4230-8B27-2A496366054C}"
EndProject
Global
	GlobalSection(SolutionConfigurationPlatforms) = preSolution
		Debug|Any CPU = Debug|Any CPU
		Release|Any CPU = Release|Any CPU
	EndGlobalSection
	GlobalSection(ProjectConfigurationPlatforms) = postSolution
		{B4162779-AC46-4FC9-A537-C71FC509AF33}.Debug|Any CPU.ActiveCfg = Debug|Any CPU
		{B4162779-AC46-4FC9-A537-C71FC509AF33}.Debug|Any CPU.Build.0 = Debug|Any CPU
		{B4162779-AC46-4FC9-A537-C71FC509AF33}.Release|Any CPU.ActiveCfg = Release|Any CPU
		{B4162779-AC46-4FC9-A537-C71FC509AF33}.Release|Any CPU.Build.0 = Release|Any CPU
		{2C8EE295-AAC0-4230-8B27-2A496366054C}.Debug|Any CPU.ActiveCfg = Debug|Any CPU
		{2C8EE295-AAC0-4230-8B27-2A496366054C}.Debug|Any CPU.Build.0 = Debug|Any CPU
		{2C8EE295-AAC0-4230-8B27-2A496366054C}.Release|Any CPU.ActiveCfg = Release|Any CPU
		{2C8EE295-AAC0-4230-8B27-2A496366054C}.Release|Any CPU.Build.0 = Release|Any CPU
	EndGlobalSection
	GlobalSection(SolutionProperties) = preSolution
		HideSolutionNode = FALSE
	EndGlobalSection
	GlobalSection(ExtensibilityGlobals) = postSolution
		SolutionGuid = {3B54FA3E-9FF5-4645-A187-FAB6F66323AB}
	EndGlobalSection
EndGlobal
