
Microsoft Visual Studio Solution File, Format Version 12.00
# Visual Studio Version 16
VisualStudioVersion = 16.0.29306.81
MinimumVisualStudioVersion = 10.0.40219.1
Project("{FAE04EC0-301F-11D3-BF4B-00C04F79EFBC}") = "CestaDeFrutas", "CestaDeFrutas\CestaDeFrutas.csproj", "{C02B795D-DAD0-410D-BFDF-1C8E42682761}"
EndProject
Project("{FAE04EC0-301F-11D3-BF4B-00C04F79EFBC}") = "Exercicio", "Exercicio\Exercicio.csproj", "{32D4EBC8-84BE-4407-9963-AD69BB43E513}"
EndProject
Global
	GlobalSection(SolutionConfigurationPlatforms) = preSolution
		Debug|Any CPU = Debug|Any CPU
		Release|Any CPU = Release|Any CPU
	EndGlobalSection
	GlobalSection(ProjectConfigurationPlatforms) = postSolution
		{C02B795D-DAD0-410D-BFDF-1C8E42682761}.Debug|Any CPU.ActiveCfg = Debug|Any CPU
		{C02B795D-DAD0-410D-BFDF-1C8E42682761}.Debug|Any CPU.Build.0 = Debug|Any CPU
		{C02B795D-DAD0-410D-BFDF-1C8E42682761}.Release|Any CPU.ActiveCfg = Release|Any CPU
		{C02B795D-DAD0-410D-BFDF-1C8E42682761}.Release|Any CPU.Build.0 = Release|Any CPU
		{32D4EBC8-84BE-4407-9963-AD69BB43E513}.Debug|Any CPU.ActiveCfg = Debug|Any CPU
		{32D4EBC8-84BE-4407-9963-AD69BB43E513}.Debug|Any CPU.Build.0 = Debug|Any CPU
		{32D4EBC8-84BE-4407-9963-AD69BB43E513}.Release|Any CPU.ActiveCfg = Release|Any CPU
		{32D4EBC8-84BE-4407-9963-AD69BB43E513}.Release|Any CPU.Build.0 = Release|Any CPU
	EndGlobalSection
	GlobalSection(SolutionProperties) = preSolution
		HideSolutionNode = FALSE
	EndGlobalSection
	GlobalSection(ExtensibilityGlobals) = postSolution
		SolutionGuid = {BB41A431-6337-4413-9A11-BDACBFB481B6}
	EndGlobalSection
EndGlobal
